
Microsoft Visual Studio Solution File, Format Version 12.00
# Visual Studio Version 16
VisualStudioVersion = 16.0.30114.105
MinimumVisualStudioVersion = 10.0.40219.1
Project("{FAE04EC0-301F-11D3-BF4B-00C04F79EFBC}") = "MN2 na pewno", "MN1 chyba\MN2 na pewno.csproj", "{862FFF96-9AB8-4ECE-A671-2F0F1B95F7AB}"
EndProject
Project("{FAE04EC0-301F-11D3-BF4B-00C04F79EFBC}") = "CSBibMatStudent", "CSBibMatStudent\CSBibMatStudent.csproj", "{38E1FCE6-564D-43F4-9924-7F90CBCF0228}"
EndProject
Global
	GlobalSection(SolutionConfigurationPlatforms) = preSolution
		Debug|Any CPU = Debug|Any CPU
		Release|Any CPU = Release|Any CPU
	EndGlobalSection
	GlobalSection(ProjectConfigurationPlatforms) = postSolution
		{862FFF96-9AB8-4ECE-A671-2F0F1B95F7AB}.Debug|Any CPU.ActiveCfg = Debug|Any CPU
		{862FFF96-9AB8-4ECE-A671-2F0F1B95F7AB}.Debug|Any CPU.Build.0 = Debug|Any CPU
		{862FFF96-9AB8-4ECE-A671-2F0F1B95F7AB}.Release|Any CPU.ActiveCfg = Release|Any CPU
		{862FFF96-9AB8-4ECE-A671-2F0F1B95F7AB}.Release|Any CPU.Build.0 = Release|Any CPU
		{38E1FCE6-564D-43F4-9924-7F90CBCF0228}.Debug|Any CPU.ActiveCfg = Debug|Any CPU
		{38E1FCE6-564D-43F4-9924-7F90CBCF0228}.Debug|Any CPU.Build.0 = Debug|Any CPU
		{38E1FCE6-564D-43F4-9924-7F90CBCF0228}.Release|Any CPU.ActiveCfg = Release|Any CPU
		{38E1FCE6-564D-43F4-9924-7F90CBCF0228}.Release|Any CPU.Build.0 = Release|Any CPU
	EndGlobalSection
	GlobalSection(SolutionProperties) = preSolution
		HideSolutionNode = FALSE
	EndGlobalSection
	GlobalSection(ExtensibilityGlobals) = postSolution
		SolutionGuid = {61DB6A40-FA71-4664-8A06-DCE84FC8318C}
	EndGlobalSection
EndGlobal
